
Microsoft Visual Studio Solution File, Format Version 12.00
# Visual Studio Version 17
VisualStudioVersion = 17.5.33516.290
MinimumVisualStudioVersion = 10.0.40219.1
Project("{FAE04EC0-301F-11D3-BF4B-00C04F79EFBC}") = "Personel_Kayit", "Personel_Kayit\Personel_Kayit.csproj", "{1A7CD062-08CF-41C3-A5E5-5605A39BC5B8}"
EndProject
Global
	GlobalSection(SolutionConfigurationPlatforms) = preSolution
		Debug|Any CPU = Debug|Any CPU
		Release|Any CPU = Release|Any CPU
	EndGlobalSection
	GlobalSection(ProjectConfigurationPlatforms) = postSolution
		{1A7CD062-08CF-41C3-A5E5-5605A39BC5B8}.Debug|Any CPU.ActiveCfg = Debug|Any CPU
		{1A7CD062-08CF-41C3-A5E5-5605A39BC5B8}.Debug|Any CPU.Build.0 = Debug|Any CPU
		{1A7CD062-08CF-41C3-A5E5-5605A39BC5B8}.Release|Any CPU.ActiveCfg = Release|Any CPU
		{1A7CD062-08CF-41C3-A5E5-5605A39BC5B8}.Release|Any CPU.Build.0 = Release|Any CPU
	EndGlobalSection
	GlobalSection(SolutionProperties) = preSolution
		HideSolutionNode = FALSE
	EndGlobalSection
	GlobalSection(ExtensibilityGlobals) = postSolution
		SolutionGuid = {D382DA03-930D-4FAD-A0CF-00F9D560C98D}
	EndGlobalSection
EndGlobal
